// !$*UTF8*$!
{
	archiveVersion = 1;
	classes = {
	};
	objectVersion = 50;
	objects = {

/* Begin PBXBuildFile section */
		9F86AAC1250CF84400C88885 /* AppDelegate.swift in Sources */ = {isa = PBXBuildFile; fileRef = 9F86AAC0250CF84400C88885 /* AppDelegate.swift */; };
		9F86AAC3250CF84400C88885 /* SceneDelegate.swift in Sources */ = {isa = PBXBuildFile; fileRef = 9F86AAC2250CF84400C88885 /* SceneDelegate.swift */; };
		9F86AAC5250CF84400C88885 /* ViewController.swift in Sources */ = {isa = PBXBuildFile; fileRef = 9F86AAC4250CF84400C88885 /* ViewController.swift */; };
		9F86AAC8250CF84500C88885 /* Main.storyboard in Resources */ = {isa = PBXBuildFile; fileRef = 9F86AAC6250CF84500C88885 /* Main.storyboard */; };
		9F86AACA250CF84900C88885 /* Assets.xcassets in Resources */ = {isa = PBXBuildFile; fileRef = 9F86AAC9250CF84900C88885 /* Assets.xcassets */; };
		9F86AACD250CF84900C88885 /* LaunchScreen.storyboard in Resources */ = {isa = PBXBuildFile; fileRef = 9F86AACB250CF84900C88885 /* LaunchScreen.storyboard */; };
		9F86AAD8250CF84A00C88885 /* CoinFeedTests.swift in Sources */ = {isa = PBXBuildFile; fileRef = 9F86AAD7250CF84A00C88885 /* CoinFeedTests.swift */; };
		9F86AAE3250CF84A00C88885 /* CoinFeedUITests.swift in Sources */ = {isa = PBXBuildFile; fileRef = 9F86AAE2250CF84A00C88885 /* CoinFeedUITests.swift */; };
/* End PBXBuildFile section */

/* Begin PBXContainerItemProxy section */
		9F86AAD4250CF84A00C88885 /* PBXContainerItemProxy */ = {
			isa = PBXContainerItemProxy;
			containerPortal = 9F86AAB5250CF84400C88885 /* Project object */;
			proxyType = 1;
			remoteGlobalIDString = 9F86AABC250CF84400C88885;
			remoteInfo = CoinFeed;
		};
		9F86AADF250CF84A00C88885 /* PBXContainerItemProxy */ = {
			isa = PBXContainerItemProxy;
			containerPortal = 9F86AAB5250CF84400C88885 /* Project object */;
			proxyType = 1;
			remoteGlobalIDString = 9F86AABC250CF84400C88885;
			remoteInfo = CoinFeed;
		};
/* End PBXContainerItemProxy section */

/* Begin PBXFileReference section */
		9F86AABD250CF84400C88885 /* CoinFeed.app */ = {isa = PBXFileReference; explicitFileType = wrapper.application; includeInIndex = 0; path = CoinFeed.app; sourceTree = BUILT_PRODUCTS_DIR; };
		9F86AAC0250CF84400C88885 /* AppDelegate.swift */ = {isa = PBXFileReference; lastKnownFileType = sourcecode.swift; path = AppDelegate.swift; sourceTree = "<group>"; };
		9F86AAC2250CF84400C88885 /* SceneDelegate.swift */ = {isa = PBXFileReference; lastKnownFileType = sourcecode.swift; path = SceneDelegate.swift; sourceTree = "<group>"; };
		9F86AAC4250CF84400C88885 /* ViewController.swift */ = {isa = PBXFileReference; lastKnownFileType = sourcecode.swift; path = ViewController.swift; sourceTree = "<group>"; };
		9F86AAC7250CF84500C88885 /* Base */ = {isa = PBXFileReference; lastKnownFileType = file.storyboard; name = Base; path = Base.lproj/Main.storyboard; sourceTree = "<group>"; };
		9F86AAC9250CF84900C88885 /* Assets.xcassets */ = {isa = PBXFileReference; lastKnownFileType = folder.assetcatalog; path = Assets.xcassets; sourceTree = "<group>"; };
		9F86AACC250CF84900C88885 /* Base */ = {isa = PBXFileReference; lastKnownFileType = file.storyboard; name = Base; path = Base.lproj/LaunchScreen.storyboard; sourceTree = "<group>"; };
		9F86AACE250CF84900C88885 /* Info.plist */ = {isa = PBXFileReference; lastKnownFileType = text.plist.xml; path = Info.plist; sourceTree = "<group>"; };
		9F86AAD3250CF84A00C88885 /* CoinFeedTests.xctest */ = {isa = PBXFileReference; explicitFileType = wrapper.cfbundle; includeInIndex = 0; path = CoinFeedTests.xctest; sourceTree = BUILT_PRODUCTS_DIR; };
		9F86AAD7250CF84A00C88885 /* CoinFeedTests.swift */ = {isa = PBXFileReference; lastKnownFileType = sourcecode.swift; path = CoinFeedTests.swift; sourceTree = "<group>"; };
		9F86AAD9250CF84A00C88885 /* Info.plist */ = {isa = PBXFileReference; lastKnownFileType = text.plist.xml; path = Info.plist; sourceTree = "<group>"; };
		9F86AADE250CF84A00C88885 /* CoinFeedUITests.xctest */ = {isa = PBXFileReference; explicitFileType = wrapper.cfbundle; includeInIndex = 0; path = CoinFeedUITests.xctest; sourceTree = BUILT_PRODUCTS_DIR; };
		9F86AAE2250CF84A00C88885 /* CoinFeedUITests.swift */ = {isa = PBXFileReference; lastKnownFileType = sourcecode.swift; path = CoinFeedUITests.swift; sourceTree = "<group>"; };
		9F86AAE4250CF84A00C88885 /* Info.plist */ = {isa = PBXFileReference; lastKnownFileType = text.plist.xml; path = Info.plist; sourceTree = "<group>"; };
/* End PBXFileReference section */

/* Begin PBXFrameworksBuildPhase section */
		9F86AABA250CF84400C88885 /* Frameworks */ = {
			isa = PBXFrameworksBuildPhase;
			buildActionMask = 2147483647;
			files = (
			);
			runOnlyForDeploymentPostprocessing = 0;
		};
		9F86AAD0250CF84A00C88885 /* Frameworks */ = {
			isa = PBXFrameworksBuildPhase;
			buildActionMask = 2147483647;
			files = (
			);
			runOnlyForDeploymentPostprocessing = 0;
		};
		9F86AADB250CF84A00C88885 /* Frameworks */ = {
			isa = PBXFrameworksBuildPhase;
			buildActionMask = 2147483647;
			files = (
			);
			runOnlyForDeploymentPostprocessing = 0;
		};
/* End PBXFrameworksBuildPhase section */

/* Begin PBXGroup section */
		9F86AAB4250CF84400C88885 = {
			isa = PBXGroup;
			children = (
				9F86AABF250CF84400C88885 /* CoinFeed */,
				9F86AAD6250CF84A00C88885 /* CoinFeedTests */,
				9F86AAE1250CF84A00C88885 /* CoinFeedUITests */,
				9F86AABE250CF84400C88885 /* Products */,
			);
			sourceTree = "<group>";
		};
		9F86AABE250CF84400C88885 /* Products */ = {
			isa = PBXGroup;
			children = (
				9F86AABD250CF84400C88885 /* CoinFeed.app */,
				9F86AAD3250CF84A00C88885 /* CoinFeedTests.xctest */,
				9F86AADE250CF84A00C88885 /* CoinFeedUITests.xctest */,
			);
			name = Products;
			sourceTree = "<group>";
		};
		9F86AABF250CF84400C88885 /* CoinFeed */ = {
			isa = PBXGroup;
			children = (
				9F86AAC0250CF84400C88885 /* AppDelegate.swift */,
				9F86AAC2250CF84400C88885 /* SceneDelegate.swift */,
				9F86AAC4250CF84400C88885 /* ViewController.swift */,
				9F86AAC6250CF84500C88885 /* Main.storyboard */,
				9F86AAC9250CF84900C88885 /* Assets.xcassets */,
				9F86AACB250CF84900C88885 /* LaunchScreen.storyboard */,
				9F86AACE250CF84900C88885 /* Info.plist */,
			);
			path = CoinFeed;
			sourceTree = "<group>";
		};
		9F86AAD6250CF84A00C88885 /* CoinFeedTests */ = {
			isa = PBXGroup;
			children = (
				9F86AAD7250CF84A00C88885 /* CoinFeedTests.swift */,
				9F86AAD9250CF84A00C88885 /* Info.plist */,
			);
			path = CoinFeedTests;
			sourceTree = "<group>";
		};
		9F86AAE1250CF84A00C88885 /* CoinFeedUITests */ = {
			isa = PBXGroup;
			children = (
				9F86AAE2250CF84A00C88885 /* CoinFeedUITests.swift */,
				9F86AAE4250CF84A00C88885 /* Info.plist */,
			);
			path = CoinFeedUITests;
			sourceTree = "<group>";
		};
/* End PBXGroup section */

/* Begin PBXNativeTarget section */
		9F86AABC250CF84400C88885 /* CoinFeed */ = {
			isa = PBXNativeTarget;
			buildConfigurationList = 9F86AAE7250CF84A00C88885 /* Build configuration list for PBXNativeTarget "CoinFeed" */;
			buildPhases = (
				9F86AAB9250CF84400C88885 /* Sources */,
				9F86AABA250CF84400C88885 /* Frameworks */,
				9F86AABB250CF84400C88885 /* Resources */,
			);
			buildRules = (
			);
			dependencies = (
			);
			name = CoinFeed;
			productName = CoinFeed;
			productReference = 9F86AABD250CF84400C88885 /* CoinFeed.app */;
			productType = "com.apple.product-type.application";
		};
		9F86AAD2250CF84A00C88885 /* CoinFeedTests */ = {
			isa = PBXNativeTarget;
			buildConfigurationList = 9F86AAEA250CF84A00C88885 /* Build configuration list for PBXNativeTarget "CoinFeedTests" */;
			buildPhases = (
				9F86AACF250CF84A00C88885 /* Sources */,
				9F86AAD0250CF84A00C88885 /* Frameworks */,
				9F86AAD1250CF84A00C88885 /* Resources */,
			);
			buildRules = (
			);
			dependencies = (
				9F86AAD5250CF84A00C88885 /* PBXTargetDependency */,
			);
			name = CoinFeedTests;
			productName = CoinFeedTests;
			productReference = 9F86AAD3250CF84A00C88885 /* CoinFeedTests.xctest */;
			productType = "com.apple.product-type.bundle.unit-test";
		};
		9F86AADD250CF84A00C88885 /* CoinFeedUITests */ = {
			isa = PBXNativeTarget;
			buildConfigurationList = 9F86AAED250CF84A00C88885 /* Build configuration list for PBXNativeTarget "CoinFeedUITests" */;
			buildPhases = (
				9F86AADA250CF84A00C88885 /* Sources */,
				9F86AADB250CF84A00C88885 /* Frameworks */,
				9F86AADC250CF84A00C88885 /* Resources */,
			);
			buildRules = (
			);
			dependencies = (
				9F86AAE0250CF84A00C88885 /* PBXTargetDependency */,
			);
			name = CoinFeedUITests;
			productName = CoinFeedUITests;
			productReference = 9F86AADE250CF84A00C88885 /* CoinFeedUITests.xctest */;
			productType = "com.apple.product-type.bundle.ui-testing";
		};
/* End PBXNativeTarget section */

/* Begin PBXProject section */
		9F86AAB5250CF84400C88885 /* Project object */ = {
			isa = PBXProject;
			attributes = {
				LastSwiftUpdateCheck = 1170;
				LastUpgradeCheck = 1170;
				ORGANIZATIONNAME = "Florin Uscatu";
				TargetAttributes = {
					9F86AABC250CF84400C88885 = {
						CreatedOnToolsVersion = 11.7;
					};
					9F86AAD2250CF84A00C88885 = {
						CreatedOnToolsVersion = 11.7;
						TestTargetID = 9F86AABC250CF84400C88885;
					};
					9F86AADD250CF84A00C88885 = {
						CreatedOnToolsVersion = 11.7;
						TestTargetID = 9F86AABC250CF84400C88885;
					};
				};
			};
			buildConfigurationList = 9F86AAB8250CF84400C88885 /* Build configuration list for PBXProject "CoinFeed" */;
			compatibilityVersion = "Xcode 9.3";
			developmentRegion = en;
			hasScannedForEncodings = 0;
			knownRegions = (
				en,
				Base,
			);
			mainGroup = 9F86AAB4250CF84400C88885;
			productRefGroup = 9F86AABE250CF84400C88885 /* Products */;
			projectDirPath = "";
			projectRoot = "";
			targets = (
				9F86AABC250CF84400C88885 /* CoinFeed */,
				9F86AAD2250CF84A00C88885 /* CoinFeedTests */,
				9F86AADD250CF84A00C88885 /* CoinFeedUITests */,
			);
		};
/* End PBXProject section */

/* Begin PBXResourcesBuildPhase section */
		9F86AABB250CF84400C88885 /* Resources */ = {
			isa = PBXResourcesBuildPhase;
			buildActionMask = 2147483647;
			files = (
				9F86AACD250CF84900C88885 /* LaunchScreen.storyboard in Resources */,
				9F86AACA250CF84900C88885 /* Assets.xcassets in Resources */,
				9F86AAC8250CF84500C88885 /* Main.storyboard in Resources */,
			);
			runOnlyForDeploymentPostprocessing = 0;
		};
		9F86AAD1250CF84A00C88885 /* Resources */ = {
			isa = PBXResourcesBuildPhase;
			buildActionMask = 2147483647;
			files = (
			);
			runOnlyForDeploymentPostprocessing = 0;
		};
		9F86AADC250CF84A00C88885 /* Resources */ = {
			isa = PBXResourcesBuildPhase;
			buildActionMask = 2147483647;
			files = (
			);
			runOnlyForDeploymentPostprocessing = 0;
		};
/* End PBXResourcesBuildPhase section */

/* Begin PBXSourcesBuildPhase section */
		9F86AAB9250CF84400C88885 /* Sources */ = {
			isa = PBXSourcesBuildPhase;
			buildActionMask = 2147483647;
			files = (
				9F86AAC5250CF84400C88885 /* ViewController.swift in Sources */,
				9F86AAC1250CF84400C88885 /* AppDelegate.swift in Sources */,
				9F86AAC3250CF84400C88885 /* SceneDelegate.swift in Sources */,
			);
			runOnlyForDeploymentPostprocessing = 0;
		};
		9F86AACF250CF84A00C88885 /* Sources */ = {
			isa = PBXSourcesBuildPhase;
			buildActionMask = 2147483647;
			files = (
				9F86AAD8250CF84A00C88885 /* CoinFeedTests.swift in Sources */,
			);
			runOnlyForDeploymentPostprocessing = 0;
		};
		9F86AADA250CF84A00C88885 /* Sources */ = {
			isa = PBXSourcesBuildPhase;
			buildActionMask = 2147483647;
			files = (
				9F86AAE3250CF84A00C88885 /* CoinFeedUITests.swift in Sources */,
			);
			runOnlyForDeploymentPostprocessing = 0;
		};
/* End PBXSourcesBuildPhase section */

/* Begin PBXTargetDependency section */
		9F86AAD5250CF84A00C88885 /* PBXTargetDependency */ = {
			isa = PBXTargetDependency;
			target = 9F86AABC250CF84400C88885 /* CoinFeed */;
			targetProxy = 9F86AAD4250CF84A00C88885 /* PBXContainerItemProxy */;
		};
		9F86AAE0250CF84A00C88885 /* PBXTargetDependency */ = {
			isa = PBXTargetDependency;
			target = 9F86AABC250CF84400C88885 /* CoinFeed */;
			targetProxy = 9F86AADF250CF84A00C88885 /* PBXContainerItemProxy */;
		};
/* End PBXTargetDependency section */

/* Begin PBXVariantGroup section */
		9F86AAC6250CF84500C88885 /* Main.storyboard */ = {
			isa = PBXVariantGroup;
			children = (
				9F86AAC7250CF84500C88885 /* Base */,
			);
			name = Main.storyboard;
			sourceTree = "<group>";
		};
		9F86AACB250CF84900C88885 /* LaunchScreen.storyboard */ = {
			isa = PBXVariantGroup;
			children = (
				9F86AACC250CF84900C88885 /* Base */,
			);
			name = LaunchScreen.storyboard;
			sourceTree = "<group>";
		};
/* End PBXVariantGroup section */

/* Begin XCBuildConfiguration section */
		9F86AAE5250CF84A00C88885 /* Debug */ = {
			isa = XCBuildConfiguration;
			buildSettings = {
				ALWAYS_SEARCH_USER_PATHS = NO;
				CLANG_ANALYZER_NONNULL = YES;
				CLANG_ANALYZER_NUMBER_OBJECT_CONVERSION = YES_AGGRESSIVE;
				CLANG_CXX_LANGUAGE_STANDARD = "gnu++14";
				CLANG_CXX_LIBRARY = "libc++";
				CLANG_ENABLE_MODULES = YES;
				CLANG_ENABLE_OBJC_ARC = YES;
				CLANG_ENABLE_OBJC_WEAK = YES;
				CLANG_WARN_BLOCK_CAPTURE_AUTORELEASING = YES;
				CLANG_WARN_BOOL_CONVERSION = YES;
				CLANG_WARN_COMMA = YES;
				CLANG_WARN_CONSTANT_CONVERSION = YES;
				CLANG_WARN_DEPRECATED_OBJC_IMPLEMENTATIONS = YES;
				CLANG_WARN_DIRECT_OBJC_ISA_USAGE = YES_ERROR;
				CLANG_WARN_DOCUMENTATION_COMMENTS = YES;
				CLANG_WARN_EMPTY_BODY = YES;
				CLANG_WARN_ENUM_CONVERSION = YES;
				CLANG_WARN_INFINITE_RECURSION = YES;
				CLANG_WARN_INT_CONVERSION = YES;
				CLANG_WARN_NON_LITERAL_NULL_CONVERSION = YES;
				CLANG_WARN_OBJC_IMPLICIT_RETAIN_SELF = YES;
				CLANG_WARN_OBJC_LITERAL_CONVERSION = YES;
				CLANG_WARN_OBJC_ROOT_CLASS = YES_ERROR;
				CLANG_WARN_RANGE_LOOP_ANALYSIS = YES;
				CLANG_WARN_STRICT_PROTOTYPES = YES;
				CLANG_WARN_SUSPICIOUS_MOVE = YES;
				CLANG_WARN_UNGUARDED_AVAILABILITY = YES_AGGRESSIVE;
				CLANG_WARN_UNREACHABLE_CODE = YES;
				CLANG_WARN__DUPLICATE_METHOD_MATCH = YES;
				COPY_PHASE_STRIP = NO;
				DEBUG_INFORMATION_FORMAT = dwarf;
				ENABLE_STRICT_OBJC_MSGSEND = YES;
				ENABLE_TESTABILITY = YES;
				GCC_C_LANGUAGE_STANDARD = gnu11;
				GCC_DYNAMIC_NO_PIC = NO;
				GCC_NO_COMMON_BLOCKS = YES;
				GCC_OPTIMIZATION_LEVEL = 0;
				GCC_PREPROCESSOR_DEFINITIONS = (
					"DEBUG=1",
					"$(inherited)",
				);
				GCC_WARN_64_TO_32_BIT_CONVERSION = YES;
				GCC_WARN_ABOUT_RETURN_TYPE = YES_ERROR;
				GCC_WARN_UNDECLARED_SELECTOR = YES;
				GCC_WARN_UNINITIALIZED_AUTOS = YES_AGGRESSIVE;
				GCC_WARN_UNUSED_FUNCTION = YES;
				GCC_WARN_UNUSED_VARIABLE = YES;
				IPHONEOS_DEPLOYMENT_TARGET = 13.7;
				MTL_ENABLE_DEBUG_INFO = INCLUDE_SOURCE;
				MTL_FAST_MATH = YES;
				ONLY_ACTIVE_ARCH = YES;
				SDKROOT = iphoneos;
				SWIFT_ACTIVE_COMPILATION_CONDITIONS = DEBUG;
				SWIFT_OPTIMIZATION_LEVEL = "-Onone";
			};
			name = Debug;
		};
		9F86AAE6250CF84A00C88885 /* Release */ = {
			isa = XCBuildConfiguration;
			buildSettings = {
				ALWAYS_SEARCH_USER_PATHS = NO;
				CLANG_ANALYZER_NONNULL = YES;
				CLANG_ANALYZER_NUMBER_OBJECT_CONVERSION = YES_AGGRESSIVE;
				CLANG_CXX_LANGUAGE_STANDARD = "gnu++14";
				CLANG_CXX_LIBRARY = "libc++";
				CLANG_ENABLE_MODULES = YES;
				CLANG_ENABLE_OBJC_ARC = YES;
				CLANG_ENABLE_OBJC_WEAK = YES;
				CLANG_WARN_BLOCK_CAPTURE_AUTORELEASING = YES;
				CLANG_WARN_BOOL_CONVERSION = YES;
				CLANG_WARN_COMMA = YES;
				CLANG_WARN_CONSTANT_CONVERSION = YES;
				CLANG_WARN_DEPRECATED_OBJC_IMPLEMENTATIONS = YES;
				CLANG_WARN_DIRECT_OBJC_ISA_USAGE = YES_ERROR;
				CLANG_WARN_DOCUMENTATION_COMMENTS = YES;
				CLANG_WARN_EMPTY_BODY = YES;
				CLANG_WARN_ENUM_CONVERSION = YES;
				CLANG_WARN_INFINITE_RECURSION = YES;
				CLANG_WARN_INT_CONVERSION = YES;
				CLANG_WARN_NON_LITERAL_NULL_CONVERSION = YES;
				CLANG_WARN_OBJC_IMPLICIT_RETAIN_SELF = YES;
				CLANG_WARN_OBJC_LITERAL_CONVERSION = YES;
				CLANG_WARN_OBJC_ROOT_CLASS = YES_ERROR;
				CLANG_WARN_RANGE_LOOP_ANALYSIS = YES;
				CLANG_WARN_STRICT_PROTOTYPES = YES;
				CLANG_WARN_SUSPICIOUS_MOVE = YES;
				CLANG_WARN_UNGUARDED_AVAILABILITY = YES_AGGRESSIVE;
				CLANG_WARN_UNREACHABLE_CODE = YES;
				CLANG_WARN__DUPLICATE_METHOD_MATCH = YES;
				COPY_PHASE_STRIP = NO;
				DEBUG_INFORMATION_FORMAT = "dwarf-with-dsym";
				ENABLE_NS_ASSERTIONS = NO;
				ENABLE_STRICT_OBJC_MSGSEND = YES;
				GCC_C_LANGUAGE_STANDARD = gnu11;
				GCC_NO_COMMON_BLOCKS = YES;
				GCC_WARN_64_TO_32_BIT_CONVERSION = YES;
				GCC_WARN_ABOUT_RETURN_TYPE = YES_ERROR;
				GCC_WARN_UNDECLARED_SELECTOR = YES;
				GCC_WARN_UNINITIALIZED_AUTOS = YES_AGGRESSIVE;
				GCC_WARN_UNUSED_FUNCTION = YES;
				GCC_WARN_UNUSED_VARIABLE = YES;
				IPHONEOS_DEPLOYMENT_TARGET = 13.7;
				MTL_ENABLE_DEBUG_INFO = NO;
				MTL_FAST_MATH = YES;
				SDKROOT = iphoneos;
				SWIFT_COMPILATION_MODE = wholemodule;
				SWIFT_OPTIMIZATION_LEVEL = "-O";
				VALIDATE_PRODUCT = YES;
			};
			name = Release;
		};
		9F86AAE8250CF84A00C88885 /* Debug */ = {
			isa = XCBuildConfiguration;
			buildSettings = {
				ASSETCATALOG_COMPILER_APPICON_NAME = AppIcon;
				CODE_SIGN_STYLE = Automatic;
				DEVELOPMENT_TEAM = 8CEQW7LX82;
				INFOPLIST_FILE = CoinFeed/Info.plist;
				LD_RUNPATH_SEARCH_PATHS = (
					"$(inherited)",
					"@executable_path/Frameworks",
				);
				PRODUCT_BUNDLE_IDENTIFIER = approcket.CoinFeed;
				PRODUCT_NAME = "$(TARGET_NAME)";
				SWIFT_VERSION = 5.0;
				TARGETED_DEVICE_FAMILY = "1,2";
			};
			name = Debug;
		};
		9F86AAE9250CF84A00C88885 /* Release */ = {
			isa = XCBuildConfiguration;
			buildSettings = {
				ASSETCATALOG_COMPILER_APPICON_NAME = AppIcon;
				CODE_SIGN_STYLE = Automatic;
				DEVELOPMENT_TEAM = 8CEQW7LX82;
				INFOPLIST_FILE = CoinFeed/Info.plist;
				LD_RUNPATH_SEARCH_PATHS = (
					"$(inherited)",
					"@executable_path/Frameworks",
				);
				PRODUCT_BUNDLE_IDENTIFIER = approcket.CoinFeed;
				PRODUCT_NAME = "$(TARGET_NAME)";
				SWIFT_VERSION = 5.0;
				TARGETED_DEVICE_FAMILY = "1,2";
			};
			name = Release;
		};
		9F86AAEB250CF84A00C88885 /* Debug */ = {
			isa = XCBuildConfiguration;
			buildSettings = {
				ALWAYS_EMBED_SWIFT_STANDARD_LIBRARIES = YES;
				BUNDLE_LOADER = "$(TEST_HOST)";
				CODE_SIGN_STYLE = Automatic;
				DEVELOPMENT_TEAM = 8CEQW7LX82;
				INFOPLIST_FILE = CoinFeedTests/Info.plist;
				IPHONEOS_DEPLOYMENT_TARGET = 13.7;
				LD_RUNPATH_SEARCH_PATHS = (
					"$(inherited)",
					"@executable_path/Frameworks",
					"@loader_path/Frameworks",
				);
				PRODUCT_BUNDLE_IDENTIFIER = approcket.CoinFeedTests;
				PRODUCT_NAME = "$(TARGET_NAME)";
				SWIFT_VERSION = 5.0;
				TARGETED_DEVICE_FAMILY = "1,2";
				TEST_HOST = "$(BUILT_PRODUCTS_DIR)/CoinFeed.app/CoinFeed";
			};
			name = Debug;
		};
		9F86AAEC250CF84A00C88885 /* Release */ = {
			isa = XCBuildConfiguration;
			buildSettings = {
				ALWAYS_EMBED_SWIFT_STANDARD_LIBRARIES = YES;
				BUNDLE_LOADER = "$(TEST_HOST)";
				CODE_SIGN_STYLE = Automatic;
				DEVELOPMENT_TEAM = 8CEQW7LX82;
				INFOPLIST_FILE = CoinFeedTests/Info.plist;
				IPHONEOS_DEPLOYMENT_TARGET = 13.7;
				LD_RUNPATH_SEARCH_PATHS = (
					"$(inherited)",
					"@executable_path/Frameworks",
					"@loader_path/Frameworks",
				);
				PRODUCT_BUNDLE_IDENTIFIER = approcket.CoinFeedTests;
				PRODUCT_NAME = "$(TARGET_NAME)";
				SWIFT_VERSION = 5.0;
				TARGETED_DEVICE_FAMILY = "1,2";
				TEST_HOST = "$(BUILT_PRODUCTS_DIR)/CoinFeed.app/CoinFeed";
			};
			name = Release;
		};
		9F86AAEE250CF84A00C88885 /* Debug */ = {
			isa = XCBuildConfiguration;
			buildSettings = {
				ALWAYS_EMBED_SWIFT_STANDARD_LIBRARIES = YES;
				CODE_SIGN_STYLE = Automatic;
				DEVELOPMENT_TEAM = 8CEQW7LX82;
				INFOPLIST_FILE = CoinFeedUITests/Info.plist;
				LD_RUNPATH_SEARCH_PATHS = (
					"$(inherited)",
					"@executable_path/Frameworks",
					"@loader_path/Frameworks",
				);
				PRODUCT_BUNDLE_IDENTIFIER = approcket.CoinFeedUITests;
				PRODUCT_NAME = "$(TARGET_NAME)";
				SWIFT_VERSION = 5.0;
				TARGETED_DEVICE_FAMILY = "1,2";
				TEST_TARGET_NAME = CoinFeed;
			};
			name = Debug;
		};
		9F86AAEF250CF84A00C88885 /* Release */ = {
			isa = XCBuildConfiguration;
			buildSettings = {
				ALWAYS_EMBED_SWIFT_STANDARD_LIBRARIES = YES;
				CODE_SIGN_STYLE = Automatic;
				DEVELOPMENT_TEAM = 8CEQW7LX82;
				INFOPLIST_FILE = CoinFeedUITests/Info.plist;
				LD_RUNPATH_SEARCH_PATHS = (
					"$(inherited)",
					"@executable_path/Frameworks",
					"@loader_path/Frameworks",
				);
				PRODUCT_BUNDLE_IDENTIFIER = approcket.CoinFeedUITests;
				PRODUCT_NAME = "$(TARGET_NAME)";
				SWIFT_VERSION = 5.0;
				TARGETED_DEVICE_FAMILY = "1,2";
				TEST_TARGET_NAME = CoinFeed;
			};
			name = Release;
		};
/* End XCBuildConfiguration section */

/* Begin XCConfigurationList section */
		9F86AAB8250CF84400C88885 /* Build configuration list for PBXProject "CoinFeed" */ = {
			isa = XCConfigurationList;
			buildConfigurations = (
				9F86AAE5250CF84A00C88885 /* Debug */,
				9F86AAE6250CF84A00C88885 /* Release */,
			);
			defaultConfigurationIsVisible = 0;
			defaultConfigurationName = Release;
		};
		9F86AAE7250CF84A00C88885 /* Build configuration list for PBXNativeTarget "CoinFeed" */ = {
			isa = XCConfigurationList;
			buildConfigurations = (
				9F86AAE8250CF84A00C88885 /* Debug */,
				9F86AAE9250CF84A00C88885 /* Release */,
			);
			defaultConfigurationIsVisible = 0;
			defaultConfigurationName = Release;
		};
		9F86AAEA250CF84A00C88885 /* Build configuration list for PBXNativeTarget "CoinFeedTests" */ = {
			isa = XCConfigurationList;
			buildConfigurations = (
				9F86AAEB250CF84A00C88885 /* Debug */,
				9F86AAEC250CF84A00C88885 /* Release */,
			);
			defaultConfigurationIsVisible = 0;
			defaultConfigurationName = Release;
		};
		9F86AAED250CF84A00C88885 /* Build configuration list for PBXNativeTarget "CoinFeedUITests" */ = {
			isa = XCConfigurationList;
			buildConfigurations = (
				9F86AAEE250CF84A00C88885 /* Debug */,
				9F86AAEF250CF84A00C88885 /* Release */,
			);
			defaultConfigurationIsVisible = 0;
			defaultConfigurationName = Release;
		};
/* End XCConfigurationList section */
	};
	rootObject = 9F86AAB5250CF84400C88885 /* Project object */;
}
